// !$*UTF8*$!
{
	archiveVersion = 1;
	classes = {
	};
	objectVersion = 46;
	objects = {

/* Begin PBXBuildFile section */
		147479E2E30149D8DAC13532 /* Pods_SXMWeibo.framework in Frameworks */ = {isa = PBXBuildFile; fileRef = DC6ACC146B8CD2470843BD53 /* Pods_SXMWeibo.framework */; };
		8E608B0A2D1A26BB3080FFC5 /* Pods_SXMWeiboTests.framework in Frameworks */ = {isa = PBXBuildFile; fileRef = 1FF05C5EA3DFB8F573B631AB /* Pods_SXMWeiboTests.framework */; };
		C7204ACB1E22764100710598 /* MainViewController.swift in Sources */ = {isa = PBXBuildFile; fileRef = C7204ACA1E22764100710598 /* MainViewController.swift */; };
		C7204ACD1E22766F00710598 /* HomeTableViewController.swift in Sources */ = {isa = PBXBuildFile; fileRef = C7204ACC1E22766F00710598 /* HomeTableViewController.swift */; };
		C7204ACF1E22769600710598 /* DiscoverTableViewController.swift in Sources */ = {isa = PBXBuildFile; fileRef = C7204ACE1E22769600710598 /* DiscoverTableViewController.swift */; };
		C7204AD11E2276A200710598 /* MessageTableViewController.swift in Sources */ = {isa = PBXBuildFile; fileRef = C7204AD01E2276A200710598 /* MessageTableViewController.swift */; };
		C7204AD31E2276A900710598 /* ProfileTableViewController.swift in Sources */ = {isa = PBXBuildFile; fileRef = C7204AD21E2276A900710598 /* ProfileTableViewController.swift */; };
		C7204AD71E23BEE600710598 /* MainVCSettings.json in Resources */ = {isa = PBXBuildFile; fileRef = C7204AD51E23BEE600710598 /* MainVCSettings.json */; };
		C7204AD81E23BEE600710598 /* NullViewController.swift in Sources */ = {isa = PBXBuildFile; fileRef = C7204AD61E23BEE600710598 /* NullViewController.swift */; };
		C7204ADA1E2518AF00710598 /* UIButton+Extension.swift in Sources */ = {isa = PBXBuildFile; fileRef = C7204AD91E2518AF00710598 /* UIButton+Extension.swift */; };
		C7204ADC1E2659E800710598 /* Main.storyboard in Resources */ = {isa = PBXBuildFile; fileRef = C7204ADB1E2659E800710598 /* Main.storyboard */; };
		C7204AE81E26630500710598 /* BaseTableViewController.swift in Sources */ = {isa = PBXBuildFile; fileRef = C7204AE71E26630500710598 /* BaseTableViewController.swift */; };
		C7204AEA1E26639400710598 /* Null.storyboard in Resources */ = {isa = PBXBuildFile; fileRef = C7204AE91E26639400710598 /* Null.storyboard */; };
		C7204AEC1E26639D00710598 /* Discover.storyboard in Resources */ = {isa = PBXBuildFile; fileRef = C7204AEB1E26639D00710598 /* Discover.storyboard */; };
		C7204AEE1E2663A600710598 /* Home.storyboard in Resources */ = {isa = PBXBuildFile; fileRef = C7204AED1E2663A600710598 /* Home.storyboard */; };
		C7204AF01E2663AE00710598 /* Message.storyboard in Resources */ = {isa = PBXBuildFile; fileRef = C7204AEF1E2663AE00710598 /* Message.storyboard */; };
		C7204AF21E2663B400710598 /* Profile.storyboard in Resources */ = {isa = PBXBuildFile; fileRef = C7204AF11E2663B400710598 /* Profile.storyboard */; };
		C7204AF41E26671C00710598 /* VisitorView.swift in Sources */ = {isa = PBXBuildFile; fileRef = C7204AF31E26671C00710598 /* VisitorView.swift */; };
		C7204AF61E26672E00710598 /* VisitorView.xib in Resources */ = {isa = PBXBuildFile; fileRef = C7204AF51E26672E00710598 /* VisitorView.xib */; };
		C7585BA81E2B4B6200059B69 /* UIBarButtonItem+Extension.swift in Sources */ = {isa = PBXBuildFile; fileRef = C7585BA71E2B4B6200059B69 /* UIBarButtonItem+Extension.swift */; };
		C7585BAA1E2B844F00059B69 /* TitleButton.swift in Sources */ = {isa = PBXBuildFile; fileRef = C7585BA91E2B844F00059B69 /* TitleButton.swift */; };
		C7585BAD1E2BA6E900059B69 /* Popover.storyboard in Resources */ = {isa = PBXBuildFile; fileRef = C7585BAC1E2BA6E900059B69 /* Popover.storyboard */; };
		C7585BAF1E2BAC5A00059B69 /* SXMPresentationController.swift in Sources */ = {isa = PBXBuildFile; fileRef = C7585BAE1E2BAC5A00059B69 /* SXMPresentationController.swift */; };
		C7585BB11E2CF0D800059B69 /* PopoverViewController.swift in Sources */ = {isa = PBXBuildFile; fileRef = C7585BB01E2CF0D800059B69 /* PopoverViewController.swift */; };
		C7585BB31E2E483000059B69 /* SXMPresentationManager.swift in Sources */ = {isa = PBXBuildFile; fileRef = C7585BB21E2E483000059B69 /* SXMPresentationManager.swift */; };
		C7585BB61E2F952200059B69 /* QRCode.storyboard in Resources */ = {isa = PBXBuildFile; fileRef = C7585BB51E2F952200059B69 /* QRCode.storyboard */; };
		C7585BB81E2F966B00059B69 /* QRCodeViewController.swift in Sources */ = {isa = PBXBuildFile; fileRef = C7585BB71E2F966B00059B69 /* QRCodeViewController.swift */; };
		C77346051E333CEB00E64598 /* QRCodeCreateViewController.swift in Sources */ = {isa = PBXBuildFile; fileRef = C77346041E333CEB00E64598 /* QRCodeCreateViewController.swift */; };
		C77346081E33728200E64598 /* OAuthViewController.swift in Sources */ = {isa = PBXBuildFile; fileRef = C77346071E33728200E64598 /* OAuthViewController.swift */; };
		C773460A1E33728E00E64598 /* OAuth.storyboard in Resources */ = {isa = PBXBuildFile; fileRef = C77346091E33728E00E64598 /* OAuth.storyboard */; };
		C7E148301E225FFD00BD2E0A /* AppDelegate.swift in Sources */ = {isa = PBXBuildFile; fileRef = C7E1482F1E225FFD00BD2E0A /* AppDelegate.swift */; };
		C7E148371E225FFD00BD2E0A /* Assets.xcassets in Resources */ = {isa = PBXBuildFile; fileRef = C7E148361E225FFD00BD2E0A /* Assets.xcassets */; };
		C7E148451E225FFD00BD2E0A /* SXMWeiboTests.swift in Sources */ = {isa = PBXBuildFile; fileRef = C7E148441E225FFD00BD2E0A /* SXMWeiboTests.swift */; };
		C7E148501E225FFD00BD2E0A /* SXMWeiboUITests.swift in Sources */ = {isa = PBXBuildFile; fileRef = C7E1484F1E225FFD00BD2E0A /* SXMWeiboUITests.swift */; };
		F3BECB2E542DEA2EC1E4E2D3 /* Pods_SXMWeiboUITests.framework in Frameworks */ = {isa = PBXBuildFile; fileRef = FC3689C8003730F7D95B7265 /* Pods_SXMWeiboUITests.framework */; };
/* End PBXBuildFile section */

/* Begin PBXContainerItemProxy section */
		C7E148411E225FFD00BD2E0A /* PBXContainerItemProxy */ = {
			isa = PBXContainerItemProxy;
			containerPortal = C7E148241E225FFD00BD2E0A /* Project object */;
			proxyType = 1;
			remoteGlobalIDString = C7E1482B1E225FFD00BD2E0A;
			remoteInfo = SXMWeibo;
		};
		C7E1484C1E225FFD00BD2E0A /* PBXContainerItemProxy */ = {
			isa = PBXContainerItemProxy;
			containerPortal = C7E148241E225FFD00BD2E0A /* Project object */;
			proxyType = 1;
			remoteGlobalIDString = C7E1482B1E225FFD00BD2E0A;
			remoteInfo = SXMWeibo;
		};
/* End PBXContainerItemProxy section */

/* Begin PBXFileReference section */
		0B32126BDC2E22B16E127289 /* Pods-SXMWeiboTests.release.xcconfig */ = {isa = PBXFileReference; includeInIndex = 1; lastKnownFileType = text.xcconfig; name = "Pods-SXMWeiboTests.release.xcconfig"; path = "Pods/Target Support Files/Pods-SXMWeiboTests/Pods-SXMWeiboTests.release.xcconfig"; sourceTree = "<group>"; };
		1FF05C5EA3DFB8F573B631AB /* Pods_SXMWeiboTests.framework */ = {isa = PBXFileReference; explicitFileType = wrapper.framework; includeInIndex = 0; path = Pods_SXMWeiboTests.framework; sourceTree = BUILT_PRODUCTS_DIR; };
		3AB79F691CA2F06289FA370F /* Pods-SXMWeibo.release.xcconfig */ = {isa = PBXFileReference; includeInIndex = 1; lastKnownFileType = text.xcconfig; name = "Pods-SXMWeibo.release.xcconfig"; path = "Pods/Target Support Files/Pods-SXMWeibo/Pods-SXMWeibo.release.xcconfig"; sourceTree = "<group>"; };
		583AE09867FD2F939A2360A9 /* Pods-SXMWeiboUITests.debug.xcconfig */ = {isa = PBXFileReference; includeInIndex = 1; lastKnownFileType = text.xcconfig; name = "Pods-SXMWeiboUITests.debug.xcconfig"; path = "Pods/Target Support Files/Pods-SXMWeiboUITests/Pods-SXMWeiboUITests.debug.xcconfig"; sourceTree = "<group>"; };
		B0C68B05D66BABAC8C0F6F2E /* Pods-SXMWeiboTests.debug.xcconfig */ = {isa = PBXFileReference; includeInIndex = 1; lastKnownFileType = text.xcconfig; name = "Pods-SXMWeiboTests.debug.xcconfig"; path = "Pods/Target Support Files/Pods-SXMWeiboTests/Pods-SXMWeiboTests.debug.xcconfig"; sourceTree = "<group>"; };
		C7204ACA1E22764100710598 /* MainViewController.swift */ = {isa = PBXFileReference; fileEncoding = 4; lastKnownFileType = sourcecode.swift; path = MainViewController.swift; sourceTree = "<group>"; };
		C7204ACC1E22766F00710598 /* HomeTableViewController.swift */ = {isa = PBXFileReference; fileEncoding = 4; lastKnownFileType = sourcecode.swift; path = HomeTableViewController.swift; sourceTree = "<group>"; };
		C7204ACE1E22769600710598 /* DiscoverTableViewController.swift */ = {isa = PBXFileReference; fileEncoding = 4; lastKnownFileType = sourcecode.swift; path = DiscoverTableViewController.swift; sourceTree = "<group>"; };
		C7204AD01E2276A200710598 /* MessageTableViewController.swift */ = {isa = PBXFileReference; fileEncoding = 4; lastKnownFileType = sourcecode.swift; path = MessageTableViewController.swift; sourceTree = "<group>"; };
		C7204AD21E2276A900710598 /* ProfileTableViewController.swift */ = {isa = PBXFileReference; fileEncoding = 4; lastKnownFileType = sourcecode.swift; path = ProfileTableViewController.swift; sourceTree = "<group>"; };
		C7204AD51E23BEE600710598 /* MainVCSettings.json */ = {isa = PBXFileReference; fileEncoding = 4; lastKnownFileType = text.json; path = MainVCSettings.json; sourceTree = "<group>"; };
		C7204AD61E23BEE600710598 /* NullViewController.swift */ = {isa = PBXFileReference; fileEncoding = 4; lastKnownFileType = sourcecode.swift; path = NullViewController.swift; sourceTree = "<group>"; };
		C7204AD91E2518AF00710598 /* UIButton+Extension.swift */ = {isa = PBXFileReference; fileEncoding = 4; lastKnownFileType = sourcecode.swift; path = "UIButton+Extension.swift"; sourceTree = "<group>"; };
		C7204ADB1E2659E800710598 /* Main.storyboard */ = {isa = PBXFileReference; fileEncoding = 4; lastKnownFileType = file.storyboard; path = Main.storyboard; sourceTree = "<group>"; };
		C7204AE71E26630500710598 /* BaseTableViewController.swift */ = {isa = PBXFileReference; fileEncoding = 4; lastKnownFileType = sourcecode.swift; path = BaseTableViewController.swift; sourceTree = "<group>"; };
		C7204AE91E26639400710598 /* Null.storyboard */ = {isa = PBXFileReference; fileEncoding = 4; lastKnownFileType = file.storyboard; path = Null.storyboard; sourceTree = "<group>"; };
		C7204AEB1E26639D00710598 /* Discover.storyboard */ = {isa = PBXFileReference; fileEncoding = 4; lastKnownFileType = file.storyboard; path = Discover.storyboard; sourceTree = "<group>"; };
		C7204AED1E2663A600710598 /* Home.storyboard */ = {isa = PBXFileReference; fileEncoding = 4; lastKnownFileType = file.storyboard; path = Home.storyboard; sourceTree = "<group>"; };
		C7204AEF1E2663AE00710598 /* Message.storyboard */ = {isa = PBXFileReference; fileEncoding = 4; lastKnownFileType = file.storyboard; path = Message.storyboard; sourceTree = "<group>"; };
		C7204AF11E2663B400710598 /* Profile.storyboard */ = {isa = PBXFileReference; fileEncoding = 4; lastKnownFileType = file.storyboard; path = Profile.storyboard; sourceTree = "<group>"; };
		C7204AF31E26671C00710598 /* VisitorView.swift */ = {isa = PBXFileReference; fileEncoding = 4; lastKnownFileType = sourcecode.swift; path = VisitorView.swift; sourceTree = "<group>"; };
		C7204AF51E26672E00710598 /* VisitorView.xib */ = {isa = PBXFileReference; fileEncoding = 4; lastKnownFileType = file.xib; path = VisitorView.xib; sourceTree = "<group>"; };
		C7585BA71E2B4B6200059B69 /* UIBarButtonItem+Extension.swift */ = {isa = PBXFileReference; fileEncoding = 4; lastKnownFileType = sourcecode.swift; path = "UIBarButtonItem+Extension.swift"; sourceTree = "<group>"; };
		C7585BA91E2B844F00059B69 /* TitleButton.swift */ = {isa = PBXFileReference; fileEncoding = 4; lastKnownFileType = sourcecode.swift; path = TitleButton.swift; sourceTree = "<group>"; };
		C7585BAC1E2BA6E900059B69 /* Popover.storyboard */ = {isa = PBXFileReference; fileEncoding = 4; lastKnownFileType = file.storyboard; path = Popover.storyboard; sourceTree = "<group>"; };
		C7585BAE1E2BAC5A00059B69 /* SXMPresentationController.swift */ = {isa = PBXFileReference; fileEncoding = 4; lastKnownFileType = sourcecode.swift; path = SXMPresentationController.swift; sourceTree = "<group>"; };
		C7585BB01E2CF0D800059B69 /* PopoverViewController.swift */ = {isa = PBXFileReference; fileEncoding = 4; lastKnownFileType = sourcecode.swift; path = PopoverViewController.swift; sourceTree = "<group>"; };
		C7585BB21E2E483000059B69 /* SXMPresentationManager.swift */ = {isa = PBXFileReference; fileEncoding = 4; lastKnownFileType = sourcecode.swift; path = SXMPresentationManager.swift; sourceTree = "<group>"; };
		C7585BB51E2F952200059B69 /* QRCode.storyboard */ = {isa = PBXFileReference; fileEncoding = 4; lastKnownFileType = file.storyboard; path = QRCode.storyboard; sourceTree = "<group>"; };
		C7585BB71E2F966B00059B69 /* QRCodeViewController.swift */ = {isa = PBXFileReference; fileEncoding = 4; lastKnownFileType = sourcecode.swift; path = QRCodeViewController.swift; sourceTree = "<group>"; };
		C77346041E333CEB00E64598 /* QRCodeCreateViewController.swift */ = {isa = PBXFileReference; fileEncoding = 4; lastKnownFileType = sourcecode.swift; path = QRCodeCreateViewController.swift; sourceTree = "<group>"; };
		C77346071E33728200E64598 /* OAuthViewController.swift */ = {isa = PBXFileReference; fileEncoding = 4; lastKnownFileType = sourcecode.swift; path = OAuthViewController.swift; sourceTree = "<group>"; };
		C77346091E33728E00E64598 /* OAuth.storyboard */ = {isa = PBXFileReference; fileEncoding = 4; lastKnownFileType = file.storyboard; path = OAuth.storyboard; sourceTree = "<group>"; };
		C7E1482C1E225FFD00BD2E0A /* SXM微博.app */ = {isa = PBXFileReference; explicitFileType = wrapper.application; includeInIndex = 0; path = "SXM微博.app"; sourceTree = BUILT_PRODUCTS_DIR; };
		C7E1482F1E225FFD00BD2E0A /* AppDelegate.swift */ = {isa = PBXFileReference; lastKnownFileType = sourcecode.swift; path = AppDelegate.swift; sourceTree = "<group>"; };
		C7E148361E225FFD00BD2E0A /* Assets.xcassets */ = {isa = PBXFileReference; lastKnownFileType = folder.assetcatalog; path = Assets.xcassets; sourceTree = "<group>"; };
		C7E1483B1E225FFD00BD2E0A /* Info.plist */ = {isa = PBXFileReference; lastKnownFileType = text.plist.xml; path = Info.plist; sourceTree = "<group>"; };
		C7E148401E225FFD00BD2E0A /* SXMWeiboTests.xctest */ = {isa = PBXFileReference; explicitFileType = wrapper.cfbundle; includeInIndex = 0; path = SXMWeiboTests.xctest; sourceTree = BUILT_PRODUCTS_DIR; };
		C7E148441E225FFD00BD2E0A /* SXMWeiboTests.swift */ = {isa = PBXFileReference; lastKnownFileType = sourcecode.swift; path = SXMWeiboTests.swift; sourceTree = "<group>"; };
		C7E148461E225FFD00BD2E0A /* Info.plist */ = {isa = PBXFileReference; lastKnownFileType = text.plist.xml; path = Info.plist; sourceTree = "<group>"; };
		C7E1484B1E225FFD00BD2E0A /* SXMWeiboUITests.xctest */ = {isa = PBXFileReference; explicitFileType = wrapper.cfbundle; includeInIndex = 0; path = SXMWeiboUITests.xctest; sourceTree = BUILT_PRODUCTS_DIR; };
		C7E1484F1E225FFD00BD2E0A /* SXMWeiboUITests.swift */ = {isa = PBXFileReference; lastKnownFileType = sourcecode.swift; path = SXMWeiboUITests.swift; sourceTree = "<group>"; };
		C7E148511E225FFD00BD2E0A /* Info.plist */ = {isa = PBXFileReference; lastKnownFileType = text.plist.xml; path = Info.plist; sourceTree = "<group>"; };
		D5BFD20A1C256FBF43F8C7D9 /* Pods-SXMWeiboUITests.release.xcconfig */ = {isa = PBXFileReference; includeInIndex = 1; lastKnownFileType = text.xcconfig; name = "Pods-SXMWeiboUITests.release.xcconfig"; path = "Pods/Target Support Files/Pods-SXMWeiboUITests/Pods-SXMWeiboUITests.release.xcconfig"; sourceTree = "<group>"; };
		DC6ACC146B8CD2470843BD53 /* Pods_SXMWeibo.framework */ = {isa = PBXFileReference; explicitFileType = wrapper.framework; includeInIndex = 0; path = Pods_SXMWeibo.framework; sourceTree = BUILT_PRODUCTS_DIR; };
		F505A53A5AB09942BEBCD03B /* Pods-SXMWeibo.debug.xcconfig */ = {isa = PBXFileReference; includeInIndex = 1; lastKnownFileType = text.xcconfig; name = "Pods-SXMWeibo.debug.xcconfig"; path = "Pods/Target Support Files/Pods-SXMWeibo/Pods-SXMWeibo.debug.xcconfig"; sourceTree = "<group>"; };
		FC3689C8003730F7D95B7265 /* Pods_SXMWeiboUITests.framework */ = {isa = PBXFileReference; explicitFileType = wrapper.framework; includeInIndex = 0; path = Pods_SXMWeiboUITests.framework; sourceTree = BUILT_PRODUCTS_DIR; };
/* End PBXFileReference section */

/* Begin PBXFrameworksBuildPhase section */
		C7E148291E225FFD00BD2E0A /* Frameworks */ = {
			isa = PBXFrameworksBuildPhase;
			buildActionMask = 2147483647;
			files = (
				147479E2E30149D8DAC13532 /* Pods_SXMWeibo.framework in Frameworks */,
			);
			runOnlyForDeploymentPostprocessing = 0;
		};
		C7E1483D1E225FFD00BD2E0A /* Frameworks */ = {
			isa = PBXFrameworksBuildPhase;
			buildActionMask = 2147483647;
			files = (
				8E608B0A2D1A26BB3080FFC5 /* Pods_SXMWeiboTests.framework in Frameworks */,
			);
			runOnlyForDeploymentPostprocessing = 0;
		};
		C7E148481E225FFD00BD2E0A /* Frameworks */ = {
			isa = PBXFrameworksBuildPhase;
			buildActionMask = 2147483647;
			files = (
				F3BECB2E542DEA2EC1E4E2D3 /* Pods_SXMWeiboUITests.framework in Frameworks */,
			);
			runOnlyForDeploymentPostprocessing = 0;
		};
/* End PBXFrameworksBuildPhase section */

/* Begin PBXGroup section */
		5CD8A64CEC93B6FE7AD5445E /* Pods */ = {
			isa = PBXGroup;
			children = (
				F505A53A5AB09942BEBCD03B /* Pods-SXMWeibo.debug.xcconfig */,
				3AB79F691CA2F06289FA370F /* Pods-SXMWeibo.release.xcconfig */,
				B0C68B05D66BABAC8C0F6F2E /* Pods-SXMWeiboTests.debug.xcconfig */,
				0B32126BDC2E22B16E127289 /* Pods-SXMWeiboTests.release.xcconfig */,
				583AE09867FD2F939A2360A9 /* Pods-SXMWeiboUITests.debug.xcconfig */,
				D5BFD20A1C256FBF43F8C7D9 /* Pods-SXMWeiboUITests.release.xcconfig */,
			);
			name = Pods;
			sourceTree = "<group>";
		};
		C345F1F600E80A882A541DB2 /* Frameworks */ = {
			isa = PBXGroup;
			children = (
				DC6ACC146B8CD2470843BD53 /* Pods_SXMWeibo.framework */,
				1FF05C5EA3DFB8F573B631AB /* Pods_SXMWeiboTests.framework */,
				FC3689C8003730F7D95B7265 /* Pods_SXMWeiboUITests.framework */,
			);
			name = Frameworks;
			sourceTree = "<group>";
		};
		C7204AC21E2275E500710598 /* Classes */ = {
			isa = PBXGroup;
			children = (
				C77346061E33726E00E64598 /* OAuth */,
				C7204AC31E2275E500710598 /* Compose */,
				C7204AC41E2275E500710598 /* Discover */,
				C7204AC51E2275E500710598 /* Home */,
				C7204AC61E2275E500710598 /* Main */,
				C7204AC71E2275E500710598 /* Message */,
				C7204AC81E2275E500710598 /* Profile */,
				C7204AC91E2275E500710598 /* Tools */,
			);
			path = Classes;
			sourceTree = "<group>";
		};
		C7204AC31E2275E500710598 /* Compose */ = {
			isa = PBXGroup;
			children = (
			);
			path = Compose;
			sourceTree = "<group>";
		};
		C7204AC41E2275E500710598 /* Discover */ = {
			isa = PBXGroup;
			children = (
				C7204AEB1E26639D00710598 /* Discover.storyboard */,
				C7204ACE1E22769600710598 /* DiscoverTableViewController.swift */,
			);
			path = Discover;
			sourceTree = "<group>";
		};
		C7204AC51E2275E500710598 /* Home */ = {
			isa = PBXGroup;
			children = (
				C7585BB41E2F950E00059B69 /* QRCode */,
				C7585BAB1E2BA6D000059B69 /* Popover */,
				C7204AED1E2663A600710598 /* Home.storyboard */,
				C7204ACC1E22766F00710598 /* HomeTableViewController.swift */,
			);
			path = Home;
			sourceTree = "<group>";
		};
		C7204AC61E2275E500710598 /* Main */ = {
			isa = PBXGroup;
			children = (
				C7204AD41E23BEE600710598 /* Resource */,
				C7204ACA1E22764100710598 /* MainViewController.swift */,
				C7204ADB1E2659E800710598 /* Main.storyboard */,
				C7204AE71E26630500710598 /* BaseTableViewController.swift */,
				C7204AF31E26671C00710598 /* VisitorView.swift */,
				C7204AF51E26672E00710598 /* VisitorView.xib */,
			);
			path = Main;
			sourceTree = "<group>";
		};
		C7204AC71E2275E500710598 /* Message */ = {
			isa = PBXGroup;
			children = (
				C7204AEF1E2663AE00710598 /* Message.storyboard */,
				C7204AD01E2276A200710598 /* MessageTableViewController.swift */,
			);
			path = Message;
			sourceTree = "<group>";
		};
		C7204AC81E2275E500710598 /* Profile */ = {
			isa = PBXGroup;
			children = (
				C7204AF11E2663B400710598 /* Profile.storyboard */,
				C7204AD21E2276A900710598 /* ProfileTableViewController.swift */,
			);
			path = Profile;
			sourceTree = "<group>";
		};
		C7204AC91E2275E500710598 /* Tools */ = {
			isa = PBXGroup;
			children = (
				C7204AD91E2518AF00710598 /* UIButton+Extension.swift */,
				C7585BA71E2B4B6200059B69 /* UIBarButtonItem+Extension.swift */,
				C7585BA91E2B844F00059B69 /* TitleButton.swift */,
			);
			path = Tools;
			sourceTree = "<group>";
		};
		C7204AD41E23BEE600710598 /* Resource */ = {
			isa = PBXGroup;
			children = (
				C7204AE91E26639400710598 /* Null.storyboard */,
				C7204AD51E23BEE600710598 /* MainVCSettings.json */,
				C7204AD61E23BEE600710598 /* NullViewController.swift */,
			);
			path = Resource;
			sourceTree = "<group>";
		};
		C7585BAB1E2BA6D000059B69 /* Popover */ = {
			isa = PBXGroup;
			children = (
				C7585BAC1E2BA6E900059B69 /* Popover.storyboard */,
				C7585BB01E2CF0D800059B69 /* PopoverViewController.swift */,
				C7585BAE1E2BAC5A00059B69 /* SXMPresentationController.swift */,
				C7585BB21E2E483000059B69 /* SXMPresentationManager.swift */,
			);
			path = Popover;
			sourceTree = "<group>";
		};
		C7585BB41E2F950E00059B69 /* QRCode */ = {
			isa = PBXGroup;
			children = (
				C7585BB51E2F952200059B69 /* QRCode.storyboard */,
				C7585BB71E2F966B00059B69 /* QRCodeViewController.swift */,
				C77346041E333CEB00E64598 /* QRCodeCreateViewController.swift */,
			);
			path = QRCode;
			sourceTree = "<group>";
		};
		C77346061E33726E00E64598 /* OAuth */ = {
			isa = PBXGroup;
			children = (
				C77346071E33728200E64598 /* OAuthViewController.swift */,
				C77346091E33728E00E64598 /* OAuth.storyboard */,
			);
			path = OAuth;
			sourceTree = "<group>";
		};
		C7E148231E225FFD00BD2E0A = {
			isa = PBXGroup;
			children = (
				C7E1482E1E225FFD00BD2E0A /* SXMWeibo */,
				C7E148431E225FFD00BD2E0A /* SXMWeiboTests */,
				C7E1484E1E225FFD00BD2E0A /* SXMWeiboUITests */,
				C7E1482D1E225FFD00BD2E0A /* Products */,
				5CD8A64CEC93B6FE7AD5445E /* Pods */,
				C345F1F600E80A882A541DB2 /* Frameworks */,
			);
			sourceTree = "<group>";
		};
		C7E1482D1E225FFD00BD2E0A /* Products */ = {
			isa = PBXGroup;
			children = (
				C7E1482C1E225FFD00BD2E0A /* SXM微博.app */,
				C7E148401E225FFD00BD2E0A /* SXMWeiboTests.xctest */,
				C7E1484B1E225FFD00BD2E0A /* SXMWeiboUITests.xctest */,
			);
			name = Products;
			sourceTree = "<group>";
		};
		C7E1482E1E225FFD00BD2E0A /* SXMWeibo */ = {
			isa = PBXGroup;
			children = (
				C7204AC21E2275E500710598 /* Classes */,
				C7E1482F1E225FFD00BD2E0A /* AppDelegate.swift */,
				C7E148361E225FFD00BD2E0A /* Assets.xcassets */,
				C7E1483B1E225FFD00BD2E0A /* Info.plist */,
			);
			path = SXMWeibo;
			sourceTree = "<group>";
		};
		C7E148431E225FFD00BD2E0A /* SXMWeiboTests */ = {
			isa = PBXGroup;
			children = (
				C7E148441E225FFD00BD2E0A /* SXMWeiboTests.swift */,
				C7E148461E225FFD00BD2E0A /* Info.plist */,
			);
			path = SXMWeiboTests;
			sourceTree = "<group>";
		};
		C7E1484E1E225FFD00BD2E0A /* SXMWeiboUITests */ = {
			isa = PBXGroup;
			children = (
				C7E1484F1E225FFD00BD2E0A /* SXMWeiboUITests.swift */,
				C7E148511E225FFD00BD2E0A /* Info.plist */,
			);
			path = SXMWeiboUITests;
			sourceTree = "<group>";
		};
/* End PBXGroup section */

/* Begin PBXNativeTarget section */
		C7E1482B1E225FFD00BD2E0A /* SXMWeibo */ = {
			isa = PBXNativeTarget;
			buildConfigurationList = C7E148541E225FFD00BD2E0A /* Build configuration list for PBXNativeTarget "SXMWeibo" */;
			buildPhases = (
				7461E78210F297092228B8A7 /* [CP] Check Pods Manifest.lock */,
				C7E148281E225FFD00BD2E0A /* Sources */,
				C7E148291E225FFD00BD2E0A /* Frameworks */,
				C7E1482A1E225FFD00BD2E0A /* Resources */,
				EAD2A02C5D34BC25D8ADA73A /* [CP] Embed Pods Frameworks */,
				A772BFEFC48FAD729B3BC4C9 /* [CP] Copy Pods Resources */,
			);
			buildRules = (
			);
			dependencies = (
			);
			name = SXMWeibo;
			productName = SXMWeibo;
			productReference = C7E1482C1E225FFD00BD2E0A /* SXM微博.app */;
			productType = "com.apple.product-type.application";
		};
		C7E1483F1E225FFD00BD2E0A /* SXMWeiboTests */ = {
			isa = PBXNativeTarget;
			buildConfigurationList = C7E148571E225FFD00BD2E0A /* Build configuration list for PBXNativeTarget "SXMWeiboTests" */;
			buildPhases = (
				4EC28415CA54711F84A23D6A /* [CP] Check Pods Manifest.lock */,
				C7E1483C1E225FFD00BD2E0A /* Sources */,
				C7E1483D1E225FFD00BD2E0A /* Frameworks */,
				C7E1483E1E225FFD00BD2E0A /* Resources */,
				5F5B275FFD6067CAC95695F1 /* [CP] Embed Pods Frameworks */,
				049CD9BE6B897E43A0691773 /* [CP] Copy Pods Resources */,
			);
			buildRules = (
			);
			dependencies = (
				C7E148421E225FFD00BD2E0A /* PBXTargetDependency */,
			);
			name = SXMWeiboTests;
			productName = SXMWeiboTests;
			productReference = C7E148401E225FFD00BD2E0A /* SXMWeiboTests.xctest */;
			productType = "com.apple.product-type.bundle.unit-test";
		};
		C7E1484A1E225FFD00BD2E0A /* SXMWeiboUITests */ = {
			isa = PBXNativeTarget;
			buildConfigurationList = C7E1485A1E225FFD00BD2E0A /* Build configuration list for PBXNativeTarget "SXMWeiboUITests" */;
			buildPhases = (
				573C6BBBFA0C70B28342759C /* [CP] Check Pods Manifest.lock */,
				C7E148471E225FFD00BD2E0A /* Sources */,
				C7E148481E225FFD00BD2E0A /* Frameworks */,
				C7E148491E225FFD00BD2E0A /* Resources */,
				79A15F55473CF4B86F3B51D4 /* [CP] Embed Pods Frameworks */,
				EB1EAB3162D90573DFD33595 /* [CP] Copy Pods Resources */,
			);
			buildRules = (
			);
			dependencies = (
				C7E1484D1E225FFD00BD2E0A /* PBXTargetDependency */,
			);
			name = SXMWeiboUITests;
			productName = SXMWeiboUITests;
			productReference = C7E1484B1E225FFD00BD2E0A /* SXMWeiboUITests.xctest */;
			productType = "com.apple.product-type.bundle.ui-testing";
		};
/* End PBXNativeTarget section */

/* Begin PBXProject section */
		C7E148241E225FFD00BD2E0A /* Project object */ = {
			isa = PBXProject;
			attributes = {
				LastSwiftUpdateCheck = 0710;
				LastUpgradeCheck = 0710;
				ORGANIZATIONNAME = shenming;
				TargetAttributes = {
					C7E1482B1E225FFD00BD2E0A = {
						CreatedOnToolsVersion = 7.1.1;
						DevelopmentTeam = W8PVK52JS2;
					};
					C7E1483F1E225FFD00BD2E0A = {
						CreatedOnToolsVersion = 7.1.1;
						TestTargetID = C7E1482B1E225FFD00BD2E0A;
					};
					C7E1484A1E225FFD00BD2E0A = {
						CreatedOnToolsVersion = 7.1.1;
						TestTargetID = C7E1482B1E225FFD00BD2E0A;
					};
				};
			};
			buildConfigurationList = C7E148271E225FFD00BD2E0A /* Build configuration list for PBXProject "SXMWeibo" */;
			compatibilityVersion = "Xcode 3.2";
			developmentRegion = English;
			hasScannedForEncodings = 0;
			knownRegions = (
				en,
				Base,
			);
			mainGroup = C7E148231E225FFD00BD2E0A;
			productRefGroup = C7E1482D1E225FFD00BD2E0A /* Products */;
			projectDirPath = "";
			projectRoot = "";
			targets = (
				C7E1482B1E225FFD00BD2E0A /* SXMWeibo */,
				C7E1483F1E225FFD00BD2E0A /* SXMWeiboTests */,
				C7E1484A1E225FFD00BD2E0A /* SXMWeiboUITests */,
			);
		};
/* End PBXProject section */

/* Begin PBXResourcesBuildPhase section */
		C7E1482A1E225FFD00BD2E0A /* Resources */ = {
			isa = PBXResourcesBuildPhase;
			buildActionMask = 2147483647;
			files = (
				C7204ADC1E2659E800710598 /* Main.storyboard in Resources */,
				C7204AEA1E26639400710598 /* Null.storyboard in Resources */,
				C7204AF21E2663B400710598 /* Profile.storyboard in Resources */,
				C7204AEC1E26639D00710598 /* Discover.storyboard in Resources */,
				C773460A1E33728E00E64598 /* OAuth.storyboard in Resources */,
				C7204AEE1E2663A600710598 /* Home.storyboard in Resources */,
				C7585BB61E2F952200059B69 /* QRCode.storyboard in Resources */,
				C7204AD71E23BEE600710598 /* MainVCSettings.json in Resources */,
				C7E148371E225FFD00BD2E0A /* Assets.xcassets in Resources */,
				C7204AF01E2663AE00710598 /* Message.storyboard in Resources */,
				C7585BAD1E2BA6E900059B69 /* Popover.storyboard in Resources */,
				C7204AF61E26672E00710598 /* VisitorView.xib in Resources */,
			);
			runOnlyForDeploymentPostprocessing = 0;
		};
		C7E1483E1E225FFD00BD2E0A /* Resources */ = {
			isa = PBXResourcesBuildPhase;
			buildActionMask = 2147483647;
			files = (
			);
			runOnlyForDeploymentPostprocessing = 0;
		};
		C7E148491E225FFD00BD2E0A /* Resources */ = {
			isa = PBXResourcesBuildPhase;
			buildActionMask = 2147483647;
			files = (
			);
			runOnlyForDeploymentPostprocessing = 0;
		};
/* End PBXResourcesBuildPhase section */

/* Begin PBXShellScriptBuildPhase section */
		049CD9BE6B897E43A0691773 /* [CP] Copy Pods Resources */ = {
			isa = PBXShellScriptBuildPhase;
			buildActionMask = 2147483647;
			files = (
			);
			inputPaths = (
			);
			name = "[CP] Copy Pods Resources";
			outputPaths = (
			);
			runOnlyForDeploymentPostprocessing = 0;
			shellPath = /bin/sh;
			shellScript = "\"${SRCROOT}/Pods/Target Support Files/Pods-SXMWeiboTests/Pods-SXMWeiboTests-resources.sh\"\n";
			showEnvVarsInLog = 0;
		};
		4EC28415CA54711F84A23D6A /* [CP] Check Pods Manifest.lock */ = {
			isa = PBXShellScriptBuildPhase;
			buildActionMask = 2147483647;
			files = (
			);
			inputPaths = (
			);
			name = "[CP] Check Pods Manifest.lock";
			outputPaths = (
			);
			runOnlyForDeploymentPostprocessing = 0;
			shellPath = /bin/sh;
			shellScript = "diff \"${PODS_ROOT}/../Podfile.lock\" \"${PODS_ROOT}/Manifest.lock\" > /dev/null\nif [ $? != 0 ] ; then\n    # print error to STDERR\n    echo \"error: The sandbox is not in sync with the Podfile.lock. Run 'pod install' or update your CocoaPods installation.\" >&2\n    exit 1\nfi\n";
			showEnvVarsInLog = 0;
		};
		573C6BBBFA0C70B28342759C /* [CP] Check Pods Manifest.lock */ = {
			isa = PBXShellScriptBuildPhase;
			buildActionMask = 2147483647;
			files = (
			);
			inputPaths = (
			);
			name = "[CP] Check Pods Manifest.lock";
			outputPaths = (
			);
			runOnlyForDeploymentPostprocessing = 0;
			shellPath = /bin/sh;
			shellScript = "diff \"${PODS_ROOT}/../Podfile.lock\" \"${PODS_ROOT}/Manifest.lock\" > /dev/null\nif [ $? != 0 ] ; then\n    # print error to STDERR\n    echo \"error: The sandbox is not in sync with the Podfile.lock. Run 'pod install' or update your CocoaPods installation.\" >&2\n    exit 1\nfi\n";
			showEnvVarsInLog = 0;
		};
		5F5B275FFD6067CAC95695F1 /* [CP] Embed Pods Frameworks */ = {
			isa = PBXShellScriptBuildPhase;
			buildActionMask = 2147483647;
			files = (
			);
			inputPaths = (
			);
			name = "[CP] Embed Pods Frameworks";
			outputPaths = (
			);
			runOnlyForDeploymentPostprocessing = 0;
			shellPath = /bin/sh;
			shellScript = "\"${SRCROOT}/Pods/Target Support Files/Pods-SXMWeiboTests/Pods-SXMWeiboTests-frameworks.sh\"\n";
			showEnvVarsInLog = 0;
		};
		7461E78210F297092228B8A7 /* [CP] Check Pods Manifest.lock */ = {
			isa = PBXShellScriptBuildPhase;
			buildActionMask = 2147483647;
			files = (
			);
			inputPaths = (
			);
			name = "[CP] Check Pods Manifest.lock";
			outputPaths = (
			);
			runOnlyForDeploymentPostprocessing = 0;
			shellPath = /bin/sh;
			shellScript = "diff \"${PODS_ROOT}/../Podfile.lock\" \"${PODS_ROOT}/Manifest.lock\" > /dev/null\nif [ $? != 0 ] ; then\n    # print error to STDERR\n    echo \"error: The sandbox is not in sync with the Podfile.lock. Run 'pod install' or update your CocoaPods installation.\" >&2\n    exit 1\nfi\n";
			showEnvVarsInLog = 0;
		};
		79A15F55473CF4B86F3B51D4 /* [CP] Embed Pods Frameworks */ = {
			isa = PBXShellScriptBuildPhase;
			buildActionMask = 2147483647;
			files = (
			);
			inputPaths = (
			);
			name = "[CP] Embed Pods Frameworks";
			outputPaths = (
			);
			runOnlyForDeploymentPostprocessing = 0;
			shellPath = /bin/sh;
			shellScript = "\"${SRCROOT}/Pods/Target Support Files/Pods-SXMWeiboUITests/Pods-SXMWeiboUITests-frameworks.sh\"\n";
			showEnvVarsInLog = 0;
		};
		A772BFEFC48FAD729B3BC4C9 /* [CP] Copy Pods Resources */ = {
			isa = PBXShellScriptBuildPhase;
			buildActionMask = 2147483647;
			files = (
			);
			inputPaths = (
			);
			name = "[CP] Copy Pods Resources";
			outputPaths = (
			);
			runOnlyForDeploymentPostprocessing = 0;
			shellPath = /bin/sh;
			shellScript = "\"${SRCROOT}/Pods/Target Support Files/Pods-SXMWeibo/Pods-SXMWeibo-resources.sh\"\n";
			showEnvVarsInLog = 0;
		};
		EAD2A02C5D34BC25D8ADA73A /* [CP] Embed Pods Frameworks */ = {
			isa = PBXShellScriptBuildPhase;
			buildActionMask = 2147483647;
			files = (
			);
			inputPaths = (
			);
			name = "[CP] Embed Pods Frameworks";
			outputPaths = (
			);
			runOnlyForDeploymentPostprocessing = 0;
			shellPath = /bin/sh;
			shellScript = "\"${SRCROOT}/Pods/Target Support Files/Pods-SXMWeibo/Pods-SXMWeibo-frameworks.sh\"\n";
			showEnvVarsInLog = 0;
		};
		EB1EAB3162D90573DFD33595 /* [CP] Copy Pods Resources */ = {
			isa = PBXShellScriptBuildPhase;
			buildActionMask = 2147483647;
			files = (
			);
			inputPaths = (
			);
			name = "[CP] Copy Pods Resources";
			outputPaths = (
			);
			runOnlyForDeploymentPostprocessing = 0;
			shellPath = /bin/sh;
			shellScript = "\"${SRCROOT}/Pods/Target Support Files/Pods-SXMWeiboUITests/Pods-SXMWeiboUITests-resources.sh\"\n";
			showEnvVarsInLog = 0;
		};
/* End PBXShellScriptBuildPhase section */

/* Begin PBXSourcesBuildPhase section */
		C7E148281E225FFD00BD2E0A /* Sources */ = {
			isa = PBXSourcesBuildPhase;
			buildActionMask = 2147483647;
			files = (
				C77346051E333CEB00E64598 /* QRCodeCreateViewController.swift in Sources */,
				C7204AE81E26630500710598 /* BaseTableViewController.swift in Sources */,
				C7204AD31E2276A900710598 /* ProfileTableViewController.swift in Sources */,
				C7585BB81E2F966B00059B69 /* QRCodeViewController.swift in Sources */,
				C7585BB11E2CF0D800059B69 /* PopoverViewController.swift in Sources */,
				C7204ACD1E22766F00710598 /* HomeTableViewController.swift in Sources */,
				C7585BB31E2E483000059B69 /* SXMPresentationManager.swift in Sources */,
				C7E148301E225FFD00BD2E0A /* AppDelegate.swift in Sources */,
				C7204AD11E2276A200710598 /* MessageTableViewController.swift in Sources */,
				C7585BA81E2B4B6200059B69 /* UIBarButtonItem+Extension.swift in Sources */,
				C77346081E33728200E64598 /* OAuthViewController.swift in Sources */,
				C7204ACF1E22769600710598 /* DiscoverTableViewController.swift in Sources */,
				C7585BAF1E2BAC5A00059B69 /* SXMPresentationController.swift in Sources */,
				C7204ADA1E2518AF00710598 /* UIButton+Extension.swift in Sources */,
				C7204AF41E26671C00710598 /* VisitorView.swift in Sources */,
				C7204ACB1E22764100710598 /* MainViewController.swift in Sources */,
				C7585BAA1E2B844F00059B69 /* TitleButton.swift in Sources */,
				C7204AD81E23BEE600710598 /* NullViewController.swift in Sources */,
			);
			runOnlyForDeploymentPostprocessing = 0;
		};
		C7E1483C1E225FFD00BD2E0A /* Sources */ = {
			isa = PBXSourcesBuildPhase;
			buildActionMask = 2147483647;
			files = (
				C7E148451E225FFD00BD2E0A /* SXMWeiboTests.swift in Sources */,
			);
			runOnlyForDeploymentPostprocessing = 0;
		};
		C7E148471E225FFD00BD2E0A /* Sources */ = {
			isa = PBXSourcesBuildPhase;
			buildActionMask = 2147483647;
			files = (
				C7E148501E225FFD00BD2E0A /* SXMWeiboUITests.swift in Sources */,
			);
			runOnlyForDeploymentPostprocessing = 0;
		};
/* End PBXSourcesBuildPhase section */

/* Begin PBXTargetDependency section */
		C7E148421E225FFD00BD2E0A /* PBXTargetDependency */ = {
			isa = PBXTargetDependency;
			target = C7E1482B1E225FFD00BD2E0A /* SXMWeibo */;
			targetProxy = C7E148411E225FFD00BD2E0A /* PBXContainerItemProxy */;
		};
		C7E1484D1E225FFD00BD2E0A /* PBXTargetDependency */ = {
			isa = PBXTargetDependency;
			target = C7E1482B1E225FFD00BD2E0A /* SXMWeibo */;
			targetProxy = C7E1484C1E225FFD00BD2E0A /* PBXContainerItemProxy */;
		};
/* End PBXTargetDependency section */

/* Begin XCBuildConfiguration section */
		C7E148521E225FFD00BD2E0A /* Debug */ = {
			isa = XCBuildConfiguration;
			buildSettings = {
				ALWAYS_SEARCH_USER_PATHS = NO;
				CLANG_CXX_LANGUAGE_STANDARD = "gnu++0x";
				CLANG_CXX_LIBRARY = "libc++";
				CLANG_ENABLE_MODULES = YES;
				CLANG_ENABLE_OBJC_ARC = YES;
				CLANG_WARN_BOOL_CONVERSION = YES;
				CLANG_WARN_CONSTANT_CONVERSION = YES;
				CLANG_WARN_DIRECT_OBJC_ISA_USAGE = YES_ERROR;
				CLANG_WARN_EMPTY_BODY = YES;
				CLANG_WARN_ENUM_CONVERSION = YES;
				CLANG_WARN_INT_CONVERSION = YES;
				CLANG_WARN_OBJC_ROOT_CLASS = YES_ERROR;
				CLANG_WARN_UNREACHABLE_CODE = YES;
				CLANG_WARN__DUPLICATE_METHOD_MATCH = YES;
				"CODE_SIGN_IDENTITY[sdk=iphoneos*]" = "iPhone Developer";
				COPY_PHASE_STRIP = NO;
				DEBUG_INFORMATION_FORMAT = dwarf;
				ENABLE_STRICT_OBJC_MSGSEND = YES;
				ENABLE_TESTABILITY = YES;
				GCC_C_LANGUAGE_STANDARD = gnu99;
				GCC_DYNAMIC_NO_PIC = NO;
				GCC_NO_COMMON_BLOCKS = YES;
				GCC_OPTIMIZATION_LEVEL = 0;
				GCC_PREPROCESSOR_DEFINITIONS = (
					"DEBUG=1",
					"$(inherited)",
				);
				GCC_WARN_64_TO_32_BIT_CONVERSION = YES;
				GCC_WARN_ABOUT_RETURN_TYPE = YES_ERROR;
				GCC_WARN_UNDECLARED_SELECTOR = YES;
				GCC_WARN_UNINITIALIZED_AUTOS = YES_AGGRESSIVE;
				GCC_WARN_UNUSED_FUNCTION = YES;
				GCC_WARN_UNUSED_VARIABLE = YES;
				IPHONEOS_DEPLOYMENT_TARGET = 9.0;
				MTL_ENABLE_DEBUG_INFO = YES;
				ONLY_ACTIVE_ARCH = YES;
				SDKROOT = iphoneos;
				SWIFT_OPTIMIZATION_LEVEL = "-Onone";
			};
			name = Debug;
		};
		C7E148531E225FFD00BD2E0A /* Release */ = {
			isa = XCBuildConfiguration;
			buildSettings = {
				ALWAYS_SEARCH_USER_PATHS = NO;
				CLANG_CXX_LANGUAGE_STANDARD = "gnu++0x";
				CLANG_CXX_LIBRARY = "libc++";
				CLANG_ENABLE_MODULES = YES;
				CLANG_ENABLE_OBJC_ARC = YES;
				CLANG_WARN_BOOL_CONVERSION = YES;
				CLANG_WARN_CONSTANT_CONVERSION = YES;
				CLANG_WARN_DIRECT_OBJC_ISA_USAGE = YES_ERROR;
				CLANG_WARN_EMPTY_BODY = YES;
				CLANG_WARN_ENUM_CONVERSION = YES;
				CLANG_WARN_INT_CONVERSION = YES;
				CLANG_WARN_OBJC_ROOT_CLASS = YES_ERROR;
				CLANG_WARN_UNREACHABLE_CODE = YES;
				CLANG_WARN__DUPLICATE_METHOD_MATCH = YES;
				"CODE_SIGN_IDENTITY[sdk=iphoneos*]" = "iPhone Developer";
				COPY_PHASE_STRIP = NO;
				DEBUG_INFORMATION_FORMAT = "dwarf-with-dsym";
				ENABLE_NS_ASSERTIONS = NO;
				ENABLE_STRICT_OBJC_MSGSEND = YES;
				GCC_C_LANGUAGE_STANDARD = gnu99;
				GCC_NO_COMMON_BLOCKS = YES;
				GCC_WARN_64_TO_32_BIT_CONVERSION = YES;
				GCC_WARN_ABOUT_RETURN_TYPE = YES_ERROR;
				GCC_WARN_UNDECLARED_SELECTOR = YES;
				GCC_WARN_UNINITIALIZED_AUTOS = YES_AGGRESSIVE;
				GCC_WARN_UNUSED_FUNCTION = YES;
				GCC_WARN_UNUSED_VARIABLE = YES;
				IPHONEOS_DEPLOYMENT_TARGET = 9.0;
				MTL_ENABLE_DEBUG_INFO = NO;
				SDKROOT = iphoneos;
				VALIDATE_PRODUCT = YES;
			};
			name = Release;
		};
		C7E148551E225FFD00BD2E0A /* Debug */ = {
			isa = XCBuildConfiguration;
			baseConfigurationReference = F505A53A5AB09942BEBCD03B /* Pods-SXMWeibo.debug.xcconfig */;
			buildSettings = {
				ASSETCATALOG_COMPILER_APPICON_NAME = AppIcon;
				ASSETCATALOG_COMPILER_LAUNCHIMAGE_NAME = "Brand Assets";
				CODE_SIGN_IDENTITY = "iPhone Developer";
				INFOPLIST_FILE = SXMWeibo/Info.plist;
				IPHONEOS_DEPLOYMENT_TARGET = 9.0;
				LD_RUNPATH_SEARCH_PATHS = "$(inherited) @executable_path/Frameworks";
				OTHER_SWIFT_FLAGS = "$(inherited) \"-D\" \"COCOAPODS\" -D DEBUG";
				PRODUCT_BUNDLE_IDENTIFIER = shenming.SXMWeibo;
				PRODUCT_NAME = "SXM微博";
			};
			name = Debug;
		};
		C7E148561E225FFD00BD2E0A /* Release */ = {
			isa = XCBuildConfiguration;
			baseConfigurationReference = 3AB79F691CA2F06289FA370F /* Pods-SXMWeibo.release.xcconfig */;
			buildSettings = {
				ASSETCATALOG_COMPILER_APPICON_NAME = AppIcon;
				ASSETCATALOG_COMPILER_LAUNCHIMAGE_NAME = "Brand Assets";
				CODE_SIGN_IDENTITY = "iPhone Developer";
				INFOPLIST_FILE = SXMWeibo/Info.plist;
				IPHONEOS_DEPLOYMENT_TARGET = 9.0;
				LD_RUNPATH_SEARCH_PATHS = "$(inherited) @executable_path/Frameworks";
				PRODUCT_BUNDLE_IDENTIFIER = shenming.SXMWeibo;
				PRODUCT_NAME = "SXM微博";
			};
			name = Release;
		};
		C7E148581E225FFD00BD2E0A /* Debug */ = {
			isa = XCBuildConfiguration;
			baseConfigurationReference = B0C68B05D66BABAC8C0F6F2E /* Pods-SXMWeiboTests.debug.xcconfig */;
			buildSettings = {
				BUNDLE_LOADER = "$(TEST_HOST)";
				INFOPLIST_FILE = SXMWeiboTests/Info.plist;
				LD_RUNPATH_SEARCH_PATHS = "$(inherited) @executable_path/Frameworks @loader_path/Frameworks";
				PRODUCT_BUNDLE_IDENTIFIER = shenming.SXMWeiboTests;
				PRODUCT_NAME = "$(TARGET_NAME)";
				TEST_HOST = "$(BUILT_PRODUCTS_DIR)/SXMWeibo.app/SXMWeibo";
			};
			name = Debug;
		};
		C7E148591E225FFD00BD2E0A /* Release */ = {
			isa = XCBuildConfiguration;
			baseConfigurationReference = 0B32126BDC2E22B16E127289 /* Pods-SXMWeiboTests.release.xcconfig */;
			buildSettings = {
				BUNDLE_LOADER = "$(TEST_HOST)";
				INFOPLIST_FILE = SXMWeiboTests/Info.plist;
				LD_RUNPATH_SEARCH_PATHS = "$(inherited) @executable_path/Frameworks @loader_path/Frameworks";
				PRODUCT_BUNDLE_IDENTIFIER = shenming.SXMWeiboTests;
				PRODUCT_NAME = "$(TARGET_NAME)";
				TEST_HOST = "$(BUILT_PRODUCTS_DIR)/SXMWeibo.app/SXMWeibo";
			};
			name = Release;
		};
		C7E1485B1E225FFD00BD2E0A /* Debug */ = {
			isa = XCBuildConfiguration;
			baseConfigurationReference = 583AE09867FD2F939A2360A9 /* Pods-SXMWeiboUITests.debug.xcconfig */;
			buildSettings = {
				INFOPLIST_FILE = SXMWeiboUITests/Info.plist;
				LD_RUNPATH_SEARCH_PATHS = "$(inherited) @executable_path/Frameworks @loader_path/Frameworks";
				PRODUCT_BUNDLE_IDENTIFIER = shenming.SXMWeiboUITests;
				PRODUCT_NAME = "$(TARGET_NAME)";
				TEST_TARGET_NAME = SXMWeibo;
				USES_XCTRUNNER = YES;
			};
			name = Debug;
		};
		C7E1485C1E225FFD00BD2E0A /* Release */ = {
			isa = XCBuildConfiguration;
			baseConfigurationReference = D5BFD20A1C256FBF43F8C7D9 /* Pods-SXMWeiboUITests.release.xcconfig */;
			buildSettings = {
				INFOPLIST_FILE = SXMWeiboUITests/Info.plist;
				LD_RUNPATH_SEARCH_PATHS = "$(inherited) @executable_path/Frameworks @loader_path/Frameworks";
				PRODUCT_BUNDLE_IDENTIFIER = shenming.SXMWeiboUITests;
				PRODUCT_NAME = "$(TARGET_NAME)";
				TEST_TARGET_NAME = SXMWeibo;
				USES_XCTRUNNER = YES;
			};
			name = Release;
		};
/* End XCBuildConfiguration section */

/* Begin XCConfigurationList section */
		C7E148271E225FFD00BD2E0A /* Build configuration list for PBXProject "SXMWeibo" */ = {
			isa = XCConfigurationList;
			buildConfigurations = (
				C7E148521E225FFD00BD2E0A /* Debug */,
				C7E148531E225FFD00BD2E0A /* Release */,
			);
			defaultConfigurationIsVisible = 0;
			defaultConfigurationName = Release;
		};
		C7E148541E225FFD00BD2E0A /* Build configuration list for PBXNativeTarget "SXMWeibo" */ = {
			isa = XCConfigurationList;
			buildConfigurations = (
				C7E148551E225FFD00BD2E0A /* Debug */,
				C7E148561E225FFD00BD2E0A /* Release */,
			);
			defaultConfigurationIsVisible = 0;
			defaultConfigurationName = Release;
		};
		C7E148571E225FFD00BD2E0A /* Build configuration list for PBXNativeTarget "SXMWeiboTests" */ = {
			isa = XCConfigurationList;
			buildConfigurations = (
				C7E148581E225FFD00BD2E0A /* Debug */,
				C7E148591E225FFD00BD2E0A /* Release */,
			);
			defaultConfigurationIsVisible = 0;
			defaultConfigurationName = Release;
		};
		C7E1485A1E225FFD00BD2E0A /* Build configuration list for PBXNativeTarget "SXMWeiboUITests" */ = {
			isa = XCConfigurationList;
			buildConfigurations = (
				C7E1485B1E225FFD00BD2E0A /* Debug */,
				C7E1485C1E225FFD00BD2E0A /* Release */,
			);
			defaultConfigurationIsVisible = 0;
			defaultConfigurationName = Release;
		};
/* End XCConfigurationList section */
	};
	rootObject = C7E148241E225FFD00BD2E0A /* Project object */;
}
